
Microsoft Visual Studio Solution File, Format Version 12.00
# Visual Studio Version 17
VisualStudioVersion = 17.2.32616.157
MinimumVisualStudioVersion = 10.0.40219.1
Project("{9A19103F-16F7-4668-BE54-9A1E7A4F7556}") = "Cosmos.IdentityManagement.Website", "Cosmos.IdentityManagement.Website\Cosmos.IdentityManagement.Website.csproj", "{A1F86BDE-F659-4152-8CD3-EEBBD050EE7B}"
EndProject
Project("{FAE04EC0-301F-11D3-BF4B-00C04F79EFBC}") = "Mars.CreateDemoDatabase", "Mars.CreateDemoDatabase\Mars.CreateDemoDatabase.csproj", "{7FCED4DA-4CE2-4C65-B1CD-638BD66DC439}"
EndProject
Global
	GlobalSection(SolutionConfigurationPlatforms) = preSolution
		Debug|Any CPU = Debug|Any CPU
		Release|Any CPU = Release|Any CPU
	EndGlobalSection
	GlobalSection(ProjectConfigurationPlatforms) = postSolution
		{A1F86BDE-F659-4152-8CD3-EEBBD050EE7B}.Debug|Any CPU.ActiveCfg = Debug|Any CPU
		{A1F86BDE-F659-4152-8CD3-EEBBD050EE7B}.Debug|Any CPU.Build.0 = Debug|Any CPU
		{A1F86BDE-F659-4152-8CD3-EEBBD050EE7B}.Release|Any CPU.ActiveCfg = Release|Any CPU
		{A1F86BDE-F659-4152-8CD3-EEBBD050EE7B}.Release|Any CPU.Build.0 = Release|Any CPU
		{7FCED4DA-4CE2-4C65-B1CD-638BD66DC439}.Debug|Any CPU.ActiveCfg = Debug|Any CPU
		{7FCED4DA-4CE2-4C65-B1CD-638BD66DC439}.Debug|Any CPU.Build.0 = Debug|Any CPU
		{7FCED4DA-4CE2-4C65-B1CD-638BD66DC439}.Release|Any CPU.ActiveCfg = Release|Any CPU
		{7FCED4DA-4CE2-4C65-B1CD-638BD66DC439}.Release|Any CPU.Build.0 = Release|Any CPU
	EndGlobalSection
	GlobalSection(SolutionProperties) = preSolution
		HideSolutionNode = FALSE
	EndGlobalSection
	GlobalSection(ExtensibilityGlobals) = postSolution
		SolutionGuid = {CFAAF215-FF2E-438E-B6CD-BDA3C4B01D7B}
	EndGlobalSection
EndGlobal
